// !$*UTF8*$!
{
	archiveVersion = 1;
	classes = {
	};
	objectVersion = 50;
	objects = {

/* Begin PBXBuildFile section */
		55FC147B2108A655005040ED /* AppDelegate.swift in Sources */ = {isa = PBXBuildFile; fileRef = 55FC147A2108A655005040ED /* AppDelegate.swift */; };
		55FC147D2108A655005040ED /* ViewController.swift in Sources */ = {isa = PBXBuildFile; fileRef = 55FC147C2108A655005040ED /* ViewController.swift */; };
		55FC14802108A655005040ED /* Main.storyboard in Resources */ = {isa = PBXBuildFile; fileRef = 55FC147E2108A655005040ED /* Main.storyboard */; };
		55FC14822108A657005040ED /* Assets.xcassets in Resources */ = {isa = PBXBuildFile; fileRef = 55FC14812108A657005040ED /* Assets.xcassets */; };
		55FC14852108A657005040ED /* LaunchScreen.storyboard in Resources */ = {isa = PBXBuildFile; fileRef = 55FC14832108A657005040ED /* LaunchScreen.storyboard */; };
		55FC14902108A657005040ED /* CollectionViewControllerTests.swift in Sources */ = {isa = PBXBuildFile; fileRef = 55FC148F2108A657005040ED /* CollectionViewControllerTests.swift */; };
		55FC149B2108A658005040ED /* CollectionViewControllerUITests.swift in Sources */ = {isa = PBXBuildFile; fileRef = 55FC149A2108A658005040ED /* CollectionViewControllerUITests.swift */; };
/* End PBXBuildFile section */

/* Begin PBXContainerItemProxy section */
		55FC148C2108A657005040ED /* PBXContainerItemProxy */ = {
			isa = PBXContainerItemProxy;
			containerPortal = 55FC146F2108A655005040ED /* Project object */;
			proxyType = 1;
			remoteGlobalIDString = 55FC14762108A655005040ED;
			remoteInfo = CollectionViewController;
		};
		55FC14972108A658005040ED /* PBXContainerItemProxy */ = {
			isa = PBXContainerItemProxy;
			containerPortal = 55FC146F2108A655005040ED /* Project object */;
			proxyType = 1;
			remoteGlobalIDString = 55FC14762108A655005040ED;
			remoteInfo = CollectionViewController;
		};
/* End PBXContainerItemProxy section */

/* Begin PBXFileReference section */
		55FC14772108A655005040ED /* CollectionViewController.app */ = {isa = PBXFileReference; explicitFileType = wrapper.application; includeInIndex = 0; path = CollectionViewController.app; sourceTree = BUILT_PRODUCTS_DIR; };
		55FC147A2108A655005040ED /* AppDelegate.swift */ = {isa = PBXFileReference; lastKnownFileType = sourcecode.swift; path = AppDelegate.swift; sourceTree = "<group>"; };
		55FC147C2108A655005040ED /* ViewController.swift */ = {isa = PBXFileReference; lastKnownFileType = sourcecode.swift; path = ViewController.swift; sourceTree = "<group>"; };
		55FC147F2108A655005040ED /* Base */ = {isa = PBXFileReference; lastKnownFileType = file.storyboard; name = Base; path = Base.lproj/Main.storyboard; sourceTree = "<group>"; };
		55FC14812108A657005040ED /* Assets.xcassets */ = {isa = PBXFileReference; lastKnownFileType = folder.assetcatalog; path = Assets.xcassets; sourceTree = "<group>"; };
		55FC14842108A657005040ED /* Base */ = {isa = PBXFileReference; lastKnownFileType = file.storyboard; name = Base; path = Base.lproj/LaunchScreen.storyboard; sourceTree = "<group>"; };
		55FC14862108A657005040ED /* Info.plist */ = {isa = PBXFileReference; lastKnownFileType = text.plist.xml; path = Info.plist; sourceTree = "<group>"; };
		55FC148B2108A657005040ED /* CollectionViewControllerTests.xctest */ = {isa = PBXFileReference; explicitFileType = wrapper.cfbundle; includeInIndex = 0; path = CollectionViewControllerTests.xctest; sourceTree = BUILT_PRODUCTS_DIR; };
		55FC148F2108A657005040ED /* CollectionViewControllerTests.swift */ = {isa = PBXFileReference; lastKnownFileType = sourcecode.swift; path = CollectionViewControllerTests.swift; sourceTree = "<group>"; };
		55FC14912108A658005040ED /* Info.plist */ = {isa = PBXFileReference; lastKnownFileType = text.plist.xml; path = Info.plist; sourceTree = "<group>"; };
		55FC14962108A658005040ED /* CollectionViewControllerUITests.xctest */ = {isa = PBXFileReference; explicitFileType = wrapper.cfbundle; includeInIndex = 0; path = CollectionViewControllerUITests.xctest; sourceTree = BUILT_PRODUCTS_DIR; };
		55FC149A2108A658005040ED /* CollectionViewControllerUITests.swift */ = {isa = PBXFileReference; lastKnownFileType = sourcecode.swift; path = CollectionViewControllerUITests.swift; sourceTree = "<group>"; };
		55FC149C2108A658005040ED /* Info.plist */ = {isa = PBXFileReference; lastKnownFileType = text.plist.xml; path = Info.plist; sourceTree = "<group>"; };
/* End PBXFileReference section */

/* Begin PBXFrameworksBuildPhase section */
		55FC14742108A655005040ED /* Frameworks */ = {
			isa = PBXFrameworksBuildPhase;
			buildActionMask = 2147483647;
			files = (
			);
			runOnlyForDeploymentPostprocessing = 0;
		};
		55FC14882108A657005040ED /* Frameworks */ = {
			isa = PBXFrameworksBuildPhase;
			buildActionMask = 2147483647;
			files = (
			);
			runOnlyForDeploymentPostprocessing = 0;
		};
		55FC14932108A658005040ED /* Frameworks */ = {
			isa = PBXFrameworksBuildPhase;
			buildActionMask = 2147483647;
			files = (
			);
			runOnlyForDeploymentPostprocessing = 0;
		};
/* End PBXFrameworksBuildPhase section */

/* Begin PBXGroup section */
		55FC146E2108A655005040ED = {
			isa = PBXGroup;
			children = (
				55FC14792108A655005040ED /* CollectionViewController */,
				55FC148E2108A657005040ED /* CollectionViewControllerTests */,
				55FC14992108A658005040ED /* CollectionViewControllerUITests */,
				55FC14782108A655005040ED /* Products */,
			);
			sourceTree = "<group>";
		};
		55FC14782108A655005040ED /* Products */ = {
			isa = PBXGroup;
			children = (
				55FC14772108A655005040ED /* CollectionViewController.app */,
				55FC148B2108A657005040ED /* CollectionViewControllerTests.xctest */,
				55FC14962108A658005040ED /* CollectionViewControllerUITests.xctest */,
			);
			name = Products;
			sourceTree = "<group>";
		};
		55FC14792108A655005040ED /* CollectionViewController */ = {
			isa = PBXGroup;
			children = (
				55FC147A2108A655005040ED /* AppDelegate.swift */,
				55FC147C2108A655005040ED /* ViewController.swift */,
				55FC147E2108A655005040ED /* Main.storyboard */,
				55FC14812108A657005040ED /* Assets.xcassets */,
				55FC14832108A657005040ED /* LaunchScreen.storyboard */,
				55FC14862108A657005040ED /* Info.plist */,
			);
			path = CollectionViewController;
			sourceTree = "<group>";
		};
		55FC148E2108A657005040ED /* CollectionViewControllerTests */ = {
			isa = PBXGroup;
			children = (
				55FC148F2108A657005040ED /* CollectionViewControllerTests.swift */,
				55FC14912108A658005040ED /* Info.plist */,
			);
			path = CollectionViewControllerTests;
			sourceTree = "<group>";
		};
		55FC14992108A658005040ED /* CollectionViewControllerUITests */ = {
			isa = PBXGroup;
			children = (
				55FC149A2108A658005040ED /* CollectionViewControllerUITests.swift */,
				55FC149C2108A658005040ED /* Info.plist */,
			);
			path = CollectionViewControllerUITests;
			sourceTree = "<group>";
		};
/* End PBXGroup section */

/* Begin PBXNativeTarget section */
		55FC14762108A655005040ED /* CollectionViewController */ = {
			isa = PBXNativeTarget;
			buildConfigurationList = 55FC149F2108A658005040ED /* Build configuration list for PBXNativeTarget "CollectionViewController" */;
			buildPhases = (
				55FC14732108A655005040ED /* Sources */,
				55FC14742108A655005040ED /* Frameworks */,
				55FC14752108A655005040ED /* Resources */,
			);
			buildRules = (
			);
			dependencies = (
			);
			name = CollectionViewController;
			productName = CollectionViewController;
			productReference = 55FC14772108A655005040ED /* CollectionViewController.app */;
			productType = "com.apple.product-type.application";
		};
		55FC148A2108A657005040ED /* CollectionViewControllerTests */ = {
			isa = PBXNativeTarget;
			buildConfigurationList = 55FC14A22108A658005040ED /* Build configuration list for PBXNativeTarget "CollectionViewControllerTests" */;
			buildPhases = (
				55FC14872108A657005040ED /* Sources */,
				55FC14882108A657005040ED /* Frameworks */,
				55FC14892108A657005040ED /* Resources */,
			);
			buildRules = (
			);
			dependencies = (
				55FC148D2108A657005040ED /* PBXTargetDependency */,
			);
			name = CollectionViewControllerTests;
			productName = CollectionViewControllerTests;
			productReference = 55FC148B2108A657005040ED /* CollectionViewControllerTests.xctest */;
			productType = "com.apple.product-type.bundle.unit-test";
		};
		55FC14952108A658005040ED /* CollectionViewControllerUITests */ = {
			isa = PBXNativeTarget;
			buildConfigurationList = 55FC14A52108A658005040ED /* Build configuration list for PBXNativeTarget "CollectionViewControllerUITests" */;
			buildPhases = (
				55FC14922108A658005040ED /* Sources */,
				55FC14932108A658005040ED /* Frameworks */,
				55FC14942108A658005040ED /* Resources */,
			);
			buildRules = (
			);
			dependencies = (
				55FC14982108A658005040ED /* PBXTargetDependency */,
			);
			name = CollectionViewControllerUITests;
			productName = CollectionViewControllerUITests;
			productReference = 55FC14962108A658005040ED /* CollectionViewControllerUITests.xctest */;
			productType = "com.apple.product-type.bundle.ui-testing";
		};
/* End PBXNativeTarget section */

/* Begin PBXProject section */
		55FC146F2108A655005040ED /* Project object */ = {
			isa = PBXProject;
			attributes = {
				LastSwiftUpdateCheck = 0940;
				LastUpgradeCheck = 0940;
				ORGANIZATIONNAME = Sagarsoft;
				TargetAttributes = {
					55FC14762108A655005040ED = {
						CreatedOnToolsVersion = 9.4.1;
					};
					55FC148A2108A657005040ED = {
						CreatedOnToolsVersion = 9.4.1;
						TestTargetID = 55FC14762108A655005040ED;
					};
					55FC14952108A658005040ED = {
						CreatedOnToolsVersion = 9.4.1;
						TestTargetID = 55FC14762108A655005040ED;
					};
				};
			};
			buildConfigurationList = 55FC14722108A655005040ED /* Build configuration list for PBXProject "CollectionViewController" */;
			compatibilityVersion = "Xcode 9.3";
			developmentRegion = en;
			hasScannedForEncodings = 0;
			knownRegions = (
				en,
				Base,
			);
			mainGroup = 55FC146E2108A655005040ED;
			productRefGroup = 55FC14782108A655005040ED /* Products */;
			projectDirPath = "";
			projectRoot = "";
			targets = (
				55FC14762108A655005040ED /* CollectionViewController */,
				55FC148A2108A657005040ED /* CollectionViewControllerTests */,
				55FC14952108A658005040ED /* CollectionViewControllerUITests */,
			);
		};
/* End PBXProject section */

/* Begin PBXResourcesBuildPhase section */
		55FC14752108A655005040ED /* Resources */ = {
			isa = PBXResourcesBuildPhase;
			buildActionMask = 2147483647;
			files = (
				55FC14852108A657005040ED /* LaunchScreen.storyboard in Resources */,
				55FC14822108A657005040ED /* Assets.xcassets in Resources */,
				55FC14802108A655005040ED /* Main.storyboard in Resources */,
			);
			runOnlyForDeploymentPostprocessing = 0;
		};
		55FC14892108A657005040ED /* Resources */ = {
			isa = PBXResourcesBuildPhase;
			buildActionMask = 2147483647;
			files = (
			);
			runOnlyForDeploymentPostprocessing = 0;
		};
		55FC14942108A658005040ED /* Resources */ = {
			isa = PBXResourcesBuildPhase;
			buildActionMask = 2147483647;
			files = (
			);
			runOnlyForDeploymentPostprocessing = 0;
		};
/* End PBXResourcesBuildPhase section */

/* Begin PBXSourcesBuildPhase section */
		55FC14732108A655005040ED /* Sources */ = {
			isa = PBXSourcesBuildPhase;
			buildActionMask = 2147483647;
			files = (
				55FC147D2108A655005040ED /* ViewController.swift in Sources */,
				55FC147B2108A655005040ED /* AppDelegate.swift in Sources */,
			);
			runOnlyForDeploymentPostprocessing = 0;
		};
		55FC14872108A657005040ED /* Sources */ = {
			isa = PBXSourcesBuildPhase;
			buildActionMask = 2147483647;
			files = (
				55FC14902108A657005040ED /* CollectionViewControllerTests.swift in Sources */,
			);
			runOnlyForDeploymentPostprocessing = 0;
		};
		55FC14922108A658005040ED /* Sources */ = {
			isa = PBXSourcesBuildPhase;
			buildActionMask = 2147483647;
			files = (
				55FC149B2108A658005040ED /* CollectionViewControllerUITests.swift in Sources */,
			);
			runOnlyForDeploymentPostprocessing = 0;
		};
/* End PBXSourcesBuildPhase section */

/* Begin PBXTargetDependency section */
		55FC148D2108A657005040ED /* PBXTargetDependency */ = {
			isa = PBXTargetDependency;
			target = 55FC14762108A655005040ED /* CollectionViewController */;
			targetProxy = 55FC148C2108A657005040ED /* PBXContainerItemProxy */;
		};
		55FC14982108A658005040ED /* PBXTargetDependency */ = {
			isa = PBXTargetDependency;
			target = 55FC14762108A655005040ED /* CollectionViewController */;
			targetProxy = 55FC14972108A658005040ED /* PBXContainerItemProxy */;
		};
/* End PBXTargetDependency section */

/* Begin PBXVariantGroup section */
		55FC147E2108A655005040ED /* Main.storyboard */ = {
			isa = PBXVariantGroup;
			children = (
				55FC147F2108A655005040ED /* Base */,
			);
			name = Main.storyboard;
			sourceTree = "<group>";
		};
		55FC14832108A657005040ED /* LaunchScreen.storyboard */ = {
			isa = PBXVariantGroup;
			children = (
				55FC14842108A657005040ED /* Base */,
			);
			name = LaunchScreen.storyboard;
			sourceTree = "<group>";
		};
/* End PBXVariantGroup section */

/* Begin XCBuildConfiguration section */
		55FC149D2108A658005040ED /* Debug */ = {
			isa = XCBuildConfiguration;
			buildSettings = {
				ALWAYS_SEARCH_USER_PATHS = NO;
				CLANG_ANALYZER_NONNULL = YES;
				CLANG_ANALYZER_NUMBER_OBJECT_CONVERSION = YES_AGGRESSIVE;
				CLANG_CXX_LANGUAGE_STANDARD = "gnu++14";
				CLANG_CXX_LIBRARY = "libc++";
				CLANG_ENABLE_MODULES = YES;
				CLANG_ENABLE_OBJC_ARC = YES;
				CLANG_ENABLE_OBJC_WEAK = YES;
				CLANG_WARN_BLOCK_CAPTURE_AUTORELEASING = YES;
				CLANG_WARN_BOOL_CONVERSION = YES;
				CLANG_WARN_COMMA = YES;
				CLANG_WARN_CONSTANT_CONVERSION = YES;
				CLANG_WARN_DEPRECATED_OBJC_IMPLEMENTATIONS = YES;
				CLANG_WARN_DIRECT_OBJC_ISA_USAGE = YES_ERROR;
				CLANG_WARN_DOCUMENTATION_COMMENTS = YES;
				CLANG_WARN_EMPTY_BODY = YES;
				CLANG_WARN_ENUM_CONVERSION = YES;
				CLANG_WARN_INFINITE_RECURSION = YES;
				CLANG_WARN_INT_CONVERSION = YES;
				CLANG_WARN_NON_LITERAL_NULL_CONVERSION = YES;
				CLANG_WARN_OBJC_IMPLICIT_RETAIN_SELF = YES;
				CLANG_WARN_OBJC_LITERAL_CONVERSION = YES;
				CLANG_WARN_OBJC_ROOT_CLASS = YES_ERROR;
				CLANG_WARN_RANGE_LOOP_ANALYSIS = YES;
				CLANG_WARN_STRICT_PROTOTYPES = YES;
				CLANG_WARN_SUSPICIOUS_MOVE = YES;
				CLANG_WARN_UNGUARDED_AVAILABILITY = YES_AGGRESSIVE;
				CLANG_WARN_UNREACHABLE_CODE = YES;
				CLANG_WARN__DUPLICATE_METHOD_MATCH = YES;
				CODE_SIGN_IDENTITY = "iPhone Developer";
				COPY_PHASE_STRIP = NO;
				DEBUG_INFORMATION_FORMAT = dwarf;
				ENABLE_STRICT_OBJC_MSGSEND = YES;
				ENABLE_TESTABILITY = YES;
				GCC_C_LANGUAGE_STANDARD = gnu11;
				GCC_DYNAMIC_NO_PIC = NO;
				GCC_NO_COMMON_BLOCKS = YES;
				GCC_OPTIMIZATION_LEVEL = 0;
				GCC_PREPROCESSOR_DEFINITIONS = (
					"DEBUG=1",
					"$(inherited)",
				);
				GCC_WARN_64_TO_32_BIT_CONVERSION = YES;
				GCC_WARN_ABOUT_RETURN_TYPE = YES_ERROR;
				GCC_WARN_UNDECLARED_SELECTOR = YES;
				GCC_WARN_UNINITIALIZED_AUTOS = YES_AGGRESSIVE;
				GCC_WARN_UNUSED_FUNCTION = YES;
				GCC_WARN_UNUSED_VARIABLE = YES;
				IPHONEOS_DEPLOYMENT_TARGET = 11.4;
				MTL_ENABLE_DEBUG_INFO = YES;
				ONLY_ACTIVE_ARCH = YES;
				SDKROOT = iphoneos;
				SWIFT_ACTIVE_COMPILATION_CONDITIONS = DEBUG;
				SWIFT_OPTIMIZATION_LEVEL = "-Onone";
			};
			name = Debug;
		};
		55FC149E2108A658005040ED /* Release */ = {
			isa = XCBuildConfiguration;
			buildSettings = {
				ALWAYS_SEARCH_USER_PATHS = NO;
				CLANG_ANALYZER_NONNULL = YES;
				CLANG_ANALYZER_NUMBER_OBJECT_CONVERSION = YES_AGGRESSIVE;
				CLANG_CXX_LANGUAGE_STANDARD = "gnu++14";
				CLANG_CXX_LIBRARY = "libc++";
				CLANG_ENABLE_MODULES = YES;
				CLANG_ENABLE_OBJC_ARC = YES;
				CLANG_ENABLE_OBJC_WEAK = YES;
				CLANG_WARN_BLOCK_CAPTURE_AUTORELEASING = YES;
				CLANG_WARN_BOOL_CONVERSION = YES;
				CLANG_WARN_COMMA = YES;
				CLANG_WARN_CONSTANT_CONVERSION = YES;
				CLANG_WARN_DEPRECATED_OBJC_IMPLEMENTATIONS = YES;
				CLANG_WARN_DIRECT_OBJC_ISA_USAGE = YES_ERROR;
				CLANG_WARN_DOCUMENTATION_COMMENTS = YES;
				CLANG_WARN_EMPTY_BODY = YES;
				CLANG_WARN_ENUM_CONVERSION = YES;
				CLANG_WARN_INFINITE_RECURSION = YES;
				CLANG_WARN_INT_CONVERSION = YES;
				CLANG_WARN_NON_LITERAL_NULL_CONVERSION = YES;
				CLANG_WARN_OBJC_IMPLICIT_RETAIN_SELF = YES;
				CLANG_WARN_OBJC_LITERAL_CONVERSION = YES;
				CLANG_WARN_OBJC_ROOT_CLASS = YES_ERROR;
				CLANG_WARN_RANGE_LOOP_ANALYSIS = YES;
				CLANG_WARN_STRICT_PROTOTYPES = YES;
				CLANG_WARN_SUSPICIOUS_MOVE = YES;
				CLANG_WARN_UNGUARDED_AVAILABILITY = YES_AGGRESSIVE;
				CLANG_WARN_UNREACHABLE_CODE = YES;
				CLANG_WARN__DUPLICATE_METHOD_MATCH = YES;
				CODE_SIGN_IDENTITY = "iPhone Developer";
				COPY_PHASE_STRIP = NO;
				DEBUG_INFORMATION_FORMAT = "dwarf-with-dsym";
				ENABLE_NS_ASSERTIONS = NO;
				ENABLE_STRICT_OBJC_MSGSEND = YES;
				GCC_C_LANGUAGE_STANDARD = gnu11;
				GCC_NO_COMMON_BLOCKS = YES;
				GCC_WARN_64_TO_32_BIT_CONVERSION = YES;
				GCC_WARN_ABOUT_RETURN_TYPE = YES_ERROR;
				GCC_WARN_UNDECLARED_SELECTOR = YES;
				GCC_WARN_UNINITIALIZED_AUTOS = YES_AGGRESSIVE;
				GCC_WARN_UNUSED_FUNCTION = YES;
				GCC_WARN_UNUSED_VARIABLE = YES;
				IPHONEOS_DEPLOYMENT_TARGET = 11.4;
				MTL_ENABLE_DEBUG_INFO = NO;
				SDKROOT = iphoneos;
				SWIFT_COMPILATION_MODE = wholemodule;
				SWIFT_OPTIMIZATION_LEVEL = "-O";
				VALIDATE_PRODUCT = YES;
			};
			name = Release;
		};
		55FC14A02108A658005040ED /* Debug */ = {
			isa = XCBuildConfiguration;
			buildSettings = {
				ASSETCATALOG_COMPILER_APPICON_NAME = AppIcon;
				CODE_SIGN_STYLE = Automatic;
				INFOPLIST_FILE = CollectionViewController/Info.plist;
				LD_RUNPATH_SEARCH_PATHS = (
					"$(inherited)",
					"@executable_path/Frameworks",
				);
				PRODUCT_BUNDLE_IDENTIFIER = com.sagarsoft.collectionview.CollectionViewController;
				PRODUCT_NAME = "$(TARGET_NAME)";
				SWIFT_VERSION = 4.0;
				TARGETED_DEVICE_FAMILY = "1,2";
			};
			name = Debug;
		};
		55FC14A12108A658005040ED /* Release */ = {
			isa = XCBuildConfiguration;
			buildSettings = {
				ASSETCATALOG_COMPILER_APPICON_NAME = AppIcon;
				CODE_SIGN_STYLE = Automatic;
				INFOPLIST_FILE = CollectionViewController/Info.plist;
				LD_RUNPATH_SEARCH_PATHS = (
					"$(inherited)",
					"@executable_path/Frameworks",
				);
				PRODUCT_BUNDLE_IDENTIFIER = com.sagarsoft.collectionview.CollectionViewController;
				PRODUCT_NAME = "$(TARGET_NAME)";
				SWIFT_VERSION = 4.0;
				TARGETED_DEVICE_FAMILY = "1,2";
			};
			name = Release;
		};
		55FC14A32108A658005040ED /* Debug */ = {
			isa = XCBuildConfiguration;
			buildSettings = {
				ALWAYS_EMBED_SWIFT_STANDARD_LIBRARIES = YES;
				BUNDLE_LOADER = "$(TEST_HOST)";
				CODE_SIGN_STYLE = Automatic;
				INFOPLIST_FILE = CollectionViewControllerTests/Info.plist;
				LD_RUNPATH_SEARCH_PATHS = (
					"$(inherited)",
					"@executable_path/Frameworks",
					"@loader_path/Frameworks",
				);
				PRODUCT_BUNDLE_IDENTIFIER = com.sagarsoft.collectionview.CollectionViewControllerTests;
				PRODUCT_NAME = "$(TARGET_NAME)";
				SWIFT_VERSION = 4.0;
				TARGETED_DEVICE_FAMILY = "1,2";
				TEST_HOST = "$(BUILT_PRODUCTS_DIR)/CollectionViewController.app/CollectionViewController";
			};
			name = Debug;
		};
		55FC14A42108A658005040ED /* Release */ = {
			isa = XCBuildConfiguration;
			buildSettings = {
				ALWAYS_EMBED_SWIFT_STANDARD_LIBRARIES = YES;
				BUNDLE_LOADER = "$(TEST_HOST)";
				CODE_SIGN_STYLE = Automatic;
				INFOPLIST_FILE = CollectionViewControllerTests/Info.plist;
				LD_RUNPATH_SEARCH_PATHS = (
					"$(inherited)",
					"@executable_path/Frameworks",
					"@loader_path/Frameworks",
				);
				PRODUCT_BUNDLE_IDENTIFIER = com.sagarsoft.collectionview.CollectionViewControllerTests;
				PRODUCT_NAME = "$(TARGET_NAME)";
				SWIFT_VERSION = 4.0;
				TARGETED_DEVICE_FAMILY = "1,2";
				TEST_HOST = "$(BUILT_PRODUCTS_DIR)/CollectionViewController.app/CollectionViewController";
			};
			name = Release;
		};
		55FC14A62108A658005040ED /* Debug */ = {
			isa = XCBuildConfiguration;
			buildSettings = {
				ALWAYS_EMBED_SWIFT_STANDARD_LIBRARIES = YES;
				CODE_SIGN_STYLE = Automatic;
				INFOPLIST_FILE = CollectionViewControllerUITests/Info.plist;
				LD_RUNPATH_SEARCH_PATHS = (
					"$(inherited)",
					"@executable_path/Frameworks",
					"@loader_path/Frameworks",
				);
				PRODUCT_BUNDLE_IDENTIFIER = com.sagarsoft.collectionview.CollectionViewControllerUITests;
				PRODUCT_NAME = "$(TARGET_NAME)";
				SWIFT_VERSION = 4.0;
				TARGETED_DEVICE_FAMILY = "1,2";
				TEST_TARGET_NAME = CollectionViewController;
			};
			name = Debug;
		};
		55FC14A72108A658005040ED /* Release */ = {
			isa = XCBuildConfiguration;
			buildSettings = {
				ALWAYS_EMBED_SWIFT_STANDARD_LIBRARIES = YES;
				CODE_SIGN_STYLE = Automatic;
				INFOPLIST_FILE = CollectionViewControllerUITests/Info.plist;
				LD_RUNPATH_SEARCH_PATHS = (
					"$(inherited)",
					"@executable_path/Frameworks",
					"@loader_path/Frameworks",
				);
				PRODUCT_BUNDLE_IDENTIFIER = com.sagarsoft.collectionview.CollectionViewControllerUITests;
				PRODUCT_NAME = "$(TARGET_NAME)";
				SWIFT_VERSION = 4.0;
				TARGETED_DEVICE_FAMILY = "1,2";
				TEST_TARGET_NAME = CollectionViewController;
			};
			name = Release;
		};
/* End XCBuildConfiguration section */

/* Begin XCConfigurationList section */
		55FC14722108A655005040ED /* Build configuration list for PBXProject "CollectionViewController" */ = {
			isa = XCConfigurationList;
			buildConfigurations = (
				55FC149D2108A658005040ED /* Debug */,
				55FC149E2108A658005040ED /* Release */,
			);
			defaultConfigurationIsVisible = 0;
			defaultConfigurationName = Release;
		};
		55FC149F2108A658005040ED /* Build configuration list for PBXNativeTarget "CollectionViewController" */ = {
			isa = XCConfigurationList;
			buildConfigurations = (
				55FC14A02108A658005040ED /* Debug */,
				55FC14A12108A658005040ED /* Release */,
			);
			defaultConfigurationIsVisible = 0;
			defaultConfigurationName = Release;
		};
		55FC14A22108A658005040ED /* Build configuration list for PBXNativeTarget "CollectionViewControllerTests" */ = {
			isa = XCConfigurationList;
			buildConfigurations = (
				55FC14A32108A658005040ED /* Debug */,
				55FC14A42108A658005040ED /* Release */,
			);
			defaultConfigurationIsVisible = 0;
			defaultConfigurationName = Release;
		};
		55FC14A52108A658005040ED /* Build configuration list for PBXNativeTarget "CollectionViewControllerUITests" */ = {
			isa = XCConfigurationList;
			buildConfigurations = (
				55FC14A62108A658005040ED /* Debug */,
				55FC14A72108A658005040ED /* Release */,
			);
			defaultConfigurationIsVisible = 0;
			defaultConfigurationName = Release;
		};
/* End XCConfigurationList section */
	};
	rootObject = 55FC146F2108A655005040ED /* Project object */;
}
